
Microsoft Visual Studio Solution File, Format Version 12.00
# Visual Studio 15
VisualStudioVersion = 15.0.28307.168
MinimumVisualStudioVersion = 10.0.40219.1
Project("{FAE04EC0-301F-11D3-BF4B-00C04F79EFBC}") = "ShapeChanger", "ShapeChanger\ShapeChanger.csproj", "{7F24705D-1BEE-4BAF-8AD9-6110630F8DAB}"
EndProject
Global
	GlobalSection(SolutionConfigurationPlatforms) = preSolution
		Debug|Any CPU = Debug|Any CPU
		Release|Any CPU = Release|Any CPU
	EndGlobalSection
	GlobalSection(ProjectConfigurationPlatforms) = postSolution
		{7F24705D-1BEE-4BAF-8AD9-6110630F8DAB}.Debug|Any CPU.ActiveCfg = Debug|Any CPU
		{7F24705D-1BEE-4BAF-8AD9-6110630F8DAB}.Debug|Any CPU.Build.0 = Debug|Any CPU
		{7F24705D-1BEE-4BAF-8AD9-6110630F8DAB}.Release|Any CPU.ActiveCfg = Release|Any CPU
		{7F24705D-1BEE-4BAF-8AD9-6110630F8DAB}.Release|Any CPU.Build.0 = Release|Any CPU
	EndGlobalSection
	GlobalSection(SolutionProperties) = preSolution
		HideSolutionNode = FALSE
	EndGlobalSection
	GlobalSection(ExtensibilityGlobals) = postSolution
		SolutionGuid = {4976992C-0330-4EE0-8BF2-2B4401E2EF99}
	EndGlobalSection
EndGlobal
